
Microsoft Visual Studio Solution File, Format Version 12.00
# Visual Studio Version 16
VisualStudioVersion = 16.0.33801.447
MinimumVisualStudioVersion = 10.0.40219.1
Project("{FAE04EC0-301F-11D3-BF4B-00C04F79EFBC}") = "Rehber", "Rehber\Rehber.csproj", "{1B25A3DD-B1BB-4F4B-AADE-1F096BD9A072}"
EndProject
Global
	GlobalSection(SolutionConfigurationPlatforms) = preSolution
		Debug|Any CPU = Debug|Any CPU
		Release|Any CPU = Release|Any CPU
	EndGlobalSection
	GlobalSection(ProjectConfigurationPlatforms) = postSolution
		{1B25A3DD-B1BB-4F4B-AADE-1F096BD9A072}.Debug|Any CPU.ActiveCfg = Debug|Any CPU
		{1B25A3DD-B1BB-4F4B-AADE-1F096BD9A072}.Debug|Any CPU.Build.0 = Debug|Any CPU
		{1B25A3DD-B1BB-4F4B-AADE-1F096BD9A072}.Release|Any CPU.ActiveCfg = Release|Any CPU
		{1B25A3DD-B1BB-4F4B-AADE-1F096BD9A072}.Release|Any CPU.Build.0 = Release|Any CPU
	EndGlobalSection
	GlobalSection(SolutionProperties) = preSolution
		HideSolutionNode = FALSE
	EndGlobalSection
	GlobalSection(ExtensibilityGlobals) = postSolution
		SolutionGuid = {3B3533DE-BC27-4B28-9C92-B9274D4BA777}
	EndGlobalSection
EndGlobal
